// !$*UTF8*$!
{
	archiveVersion = 1;
	classes = {
	};
	objectVersion = 46;
	objects = {

/* Begin PBXBuildFile section */
		5222978D1E7390C500F8BB22 /* AppDelegate.swift in Sources */ = {isa = PBXBuildFile; fileRef = 5222978C1E7390C500F8BB22 /* AppDelegate.swift */; };
		5222978F1E7390C500F8BB22 /* ViewController.swift in Sources */ = {isa = PBXBuildFile; fileRef = 5222978E1E7390C500F8BB22 /* ViewController.swift */; };
		522297921E7390C500F8BB22 /* Main.storyboard in Resources */ = {isa = PBXBuildFile; fileRef = 522297901E7390C500F8BB22 /* Main.storyboard */; };
		522297941E7390C500F8BB22 /* Assets.xcassets in Resources */ = {isa = PBXBuildFile; fileRef = 522297931E7390C500F8BB22 /* Assets.xcassets */; };
		522297971E7390C500F8BB22 /* LaunchScreen.storyboard in Resources */ = {isa = PBXBuildFile; fileRef = 522297951E7390C500F8BB22 /* LaunchScreen.storyboard */; };
		5222979F1E73E1B600F8BB22 /* View.xib in Resources */ = {isa = PBXBuildFile; fileRef = 5222979E1E73E1B600F8BB22 /* View.xib */; };
		522297A11E7405B800F8BB22 /* View.swift in Sources */ = {isa = PBXBuildFile; fileRef = 522297A01E7405B800F8BB22 /* View.swift */; };
		522297A51E74093A00F8BB22 /* PersonModel.swift in Sources */ = {isa = PBXBuildFile; fileRef = 522297A41E74093A00F8BB22 /* PersonModel.swift */; };
		522297A81E740A8500F8BB22 /* PersonTableViewCell.xib in Resources */ = {isa = PBXBuildFile; fileRef = 522297A71E740A8500F8BB22 /* PersonTableViewCell.xib */; };
		522297AA1E740B7800F8BB22 /* PersonTableViewCell.swift in Sources */ = {isa = PBXBuildFile; fileRef = 522297A91E740B7800F8BB22 /* PersonTableViewCell.swift */; };
		522297AC1E74280600F8BB22 /* ViewConfig.swift in Sources */ = {isa = PBXBuildFile; fileRef = 522297AB1E74280600F8BB22 /* ViewConfig.swift */; };
/* End PBXBuildFile section */

/* Begin PBXFileReference section */
		522297891E7390C400F8BB22 /* KazanMeetupTestExample.app */ = {isa = PBXFileReference; explicitFileType = wrapper.application; includeInIndex = 0; path = KazanMeetupTestExample.app; sourceTree = BUILT_PRODUCTS_DIR; };
		5222978C1E7390C500F8BB22 /* AppDelegate.swift */ = {isa = PBXFileReference; lastKnownFileType = sourcecode.swift; path = AppDelegate.swift; sourceTree = "<group>"; };
		5222978E1E7390C500F8BB22 /* ViewController.swift */ = {isa = PBXFileReference; lastKnownFileType = sourcecode.swift; path = ViewController.swift; sourceTree = "<group>"; };
		522297911E7390C500F8BB22 /* Base */ = {isa = PBXFileReference; lastKnownFileType = file.storyboard; name = Base; path = Base.lproj/Main.storyboard; sourceTree = "<group>"; };
		522297931E7390C500F8BB22 /* Assets.xcassets */ = {isa = PBXFileReference; lastKnownFileType = folder.assetcatalog; path = Assets.xcassets; sourceTree = "<group>"; };
		522297961E7390C500F8BB22 /* Base */ = {isa = PBXFileReference; lastKnownFileType = file.storyboard; name = Base; path = Base.lproj/LaunchScreen.storyboard; sourceTree = "<group>"; };
		522297981E7390C500F8BB22 /* Info.plist */ = {isa = PBXFileReference; lastKnownFileType = text.plist.xml; path = Info.plist; sourceTree = "<group>"; };
		5222979E1E73E1B600F8BB22 /* View.xib */ = {isa = PBXFileReference; fileEncoding = 4; lastKnownFileType = file.xib; path = View.xib; sourceTree = "<group>"; };
		522297A01E7405B800F8BB22 /* View.swift */ = {isa = PBXFileReference; fileEncoding = 4; lastKnownFileType = sourcecode.swift; path = View.swift; sourceTree = "<group>"; };
		522297A41E74093A00F8BB22 /* PersonModel.swift */ = {isa = PBXFileReference; fileEncoding = 4; lastKnownFileType = sourcecode.swift; path = PersonModel.swift; sourceTree = "<group>"; };
		522297A71E740A8500F8BB22 /* PersonTableViewCell.xib */ = {isa = PBXFileReference; fileEncoding = 4; lastKnownFileType = file.xib; path = PersonTableViewCell.xib; sourceTree = "<group>"; };
		522297A91E740B7800F8BB22 /* PersonTableViewCell.swift */ = {isa = PBXFileReference; fileEncoding = 4; lastKnownFileType = sourcecode.swift; path = PersonTableViewCell.swift; sourceTree = "<group>"; };
		522297AB1E74280600F8BB22 /* ViewConfig.swift */ = {isa = PBXFileReference; fileEncoding = 4; lastKnownFileType = sourcecode.swift; path = ViewConfig.swift; sourceTree = "<group>"; };
/* End PBXFileReference section */

/* Begin PBXFrameworksBuildPhase section */
		522297861E7390C400F8BB22 /* Frameworks */ = {
			isa = PBXFrameworksBuildPhase;
			buildActionMask = 2147483647;
			files = (
			);
			runOnlyForDeploymentPostprocessing = 0;
		};
/* End PBXFrameworksBuildPhase section */

/* Begin PBXGroup section */
		522297801E7390C400F8BB22 = {
			isa = PBXGroup;
			children = (
				5222978B1E7390C400F8BB22 /* KazanMeetupTestExample */,
				5222978A1E7390C400F8BB22 /* Products */,
			);
			sourceTree = "<group>";
		};
		5222978A1E7390C400F8BB22 /* Products */ = {
			isa = PBXGroup;
			children = (
				522297891E7390C400F8BB22 /* KazanMeetupTestExample.app */,
			);
			name = Products;
			sourceTree = "<group>";
		};
		5222978B1E7390C400F8BB22 /* KazanMeetupTestExample */ = {
			isa = PBXGroup;
			children = (
				5222978C1E7390C500F8BB22 /* AppDelegate.swift */,
				522297901E7390C500F8BB22 /* Main.storyboard */,
				522297951E7390C500F8BB22 /* LaunchScreen.storyboard */,
				522297981E7390C500F8BB22 /* Info.plist */,
				522297931E7390C500F8BB22 /* Assets.xcassets */,
				522297A21E74086F00F8BB22 /* Controller */,
				522297A31E74087A00F8BB22 /* View */,
				522297A61E74093F00F8BB22 /* Model */,
			);
			path = KazanMeetupTestExample;
			sourceTree = "<group>";
		};
		522297A21E74086F00F8BB22 /* Controller */ = {
			isa = PBXGroup;
			children = (
				5222978E1E7390C500F8BB22 /* ViewController.swift */,
			);
			name = Controller;
			sourceTree = "<group>";
		};
		522297A31E74087A00F8BB22 /* View */ = {
			isa = PBXGroup;
			children = (
				5222979E1E73E1B600F8BB22 /* View.xib */,
				522297A01E7405B800F8BB22 /* View.swift */,
				522297A91E740B7800F8BB22 /* PersonTableViewCell.swift */,
				522297A71E740A8500F8BB22 /* PersonTableViewCell.xib */,
				522297AB1E74280600F8BB22 /* ViewConfig.swift */,
			);
			name = View;
			sourceTree = "<group>";
		};
		522297A61E74093F00F8BB22 /* Model */ = {
			isa = PBXGroup;
			children = (
				522297A41E74093A00F8BB22 /* PersonModel.swift */,
			);
			name = Model;
			sourceTree = "<group>";
		};
/* End PBXGroup section */

/* Begin PBXNativeTarget section */
		522297881E7390C400F8BB22 /* KazanMeetupTestExample */ = {
			isa = PBXNativeTarget;
			buildConfigurationList = 5222979B1E7390C500F8BB22 /* Build configuration list for PBXNativeTarget "KazanMeetupTestExample" */;
			buildPhases = (
				522297851E7390C400F8BB22 /* Sources */,
				522297861E7390C400F8BB22 /* Frameworks */,
				522297871E7390C400F8BB22 /* Resources */,
			);
			buildRules = (
			);
			dependencies = (
			);
			name = KazanMeetupTestExample;
			productName = KazanMeetupTestExample;
			productReference = 522297891E7390C400F8BB22 /* KazanMeetupTestExample.app */;
			productType = "com.apple.product-type.application";
		};
/* End PBXNativeTarget section */

/* Begin PBXProject section */
		522297811E7390C400F8BB22 /* Project object */ = {
			isa = PBXProject;
			attributes = {
				LastSwiftUpdateCheck = 0820;
				LastUpgradeCheck = 0820;
				ORGANIZATIONNAME = UveeStudio;
				TargetAttributes = {
					522297881E7390C400F8BB22 = {
						CreatedOnToolsVersion = 8.2;
						DevelopmentTeam = 573CMG87Y9;
						ProvisioningStyle = Automatic;
					};
				};
			};
			buildConfigurationList = 522297841E7390C400F8BB22 /* Build configuration list for PBXProject "KazanMeetupTestExample" */;
			compatibilityVersion = "Xcode 3.2";
			developmentRegion = English;
			hasScannedForEncodings = 0;
			knownRegions = (
				en,
				Base,
			);
			mainGroup = 522297801E7390C400F8BB22;
			productRefGroup = 5222978A1E7390C400F8BB22 /* Products */;
			projectDirPath = "";
			projectRoot = "";
			targets = (
				522297881E7390C400F8BB22 /* KazanMeetupTestExample */,
			);
		};
/* End PBXProject section */

/* Begin PBXResourcesBuildPhase section */
		522297871E7390C400F8BB22 /* Resources */ = {
			isa = PBXResourcesBuildPhase;
			buildActionMask = 2147483647;
			files = (
				5222979F1E73E1B600F8BB22 /* View.xib in Resources */,
				522297971E7390C500F8BB22 /* LaunchScreen.storyboard in Resources */,
				522297941E7390C500F8BB22 /* Assets.xcassets in Resources */,
				522297921E7390C500F8BB22 /* Main.storyboard in Resources */,
				522297A81E740A8500F8BB22 /* PersonTableViewCell.xib in Resources */,
			);
			runOnlyForDeploymentPostprocessing = 0;
		};
/* End PBXResourcesBuildPhase section */

/* Begin PBXSourcesBuildPhase section */
		522297851E7390C400F8BB22 /* Sources */ = {
			isa = PBXSourcesBuildPhase;
			buildActionMask = 2147483647;
			files = (
				522297AC1E74280600F8BB22 /* ViewConfig.swift in Sources */,
				522297A51E74093A00F8BB22 /* PersonModel.swift in Sources */,
				5222978F1E7390C500F8BB22 /* ViewController.swift in Sources */,
				5222978D1E7390C500F8BB22 /* AppDelegate.swift in Sources */,
				522297AA1E740B7800F8BB22 /* PersonTableViewCell.swift in Sources */,
				522297A11E7405B800F8BB22 /* View.swift in Sources */,
			);
			runOnlyForDeploymentPostprocessing = 0;
		};
/* End PBXSourcesBuildPhase section */

/* Begin PBXVariantGroup section */
		522297901E7390C500F8BB22 /* Main.storyboard */ = {
			isa = PBXVariantGroup;
			children = (
				522297911E7390C500F8BB22 /* Base */,
			);
			name = Main.storyboard;
			sourceTree = "<group>";
		};
		522297951E7390C500F8BB22 /* LaunchScreen.storyboard */ = {
			isa = PBXVariantGroup;
			children = (
				522297961E7390C500F8BB22 /* Base */,
			);
			name = LaunchScreen.storyboard;
			sourceTree = "<group>";
		};
/* End PBXVariantGroup section */

/* Begin XCBuildConfiguration section */
		522297991E7390C500F8BB22 /* Debug */ = {
			isa = XCBuildConfiguration;
			buildSettings = {
				ALWAYS_SEARCH_USER_PATHS = NO;
				CLANG_ANALYZER_NONNULL = YES;
				CLANG_CXX_LANGUAGE_STANDARD = "gnu++0x";
				CLANG_CXX_LIBRARY = "libc++";
				CLANG_ENABLE_MODULES = YES;
				CLANG_ENABLE_OBJC_ARC = YES;
				CLANG_WARN_BOOL_CONVERSION = YES;
				CLANG_WARN_CONSTANT_CONVERSION = YES;
				CLANG_WARN_DIRECT_OBJC_ISA_USAGE = YES_ERROR;
				CLANG_WARN_DOCUMENTATION_COMMENTS = YES;
				CLANG_WARN_EMPTY_BODY = YES;
				CLANG_WARN_ENUM_CONVERSION = YES;
				CLANG_WARN_INFINITE_RECURSION = YES;
				CLANG_WARN_INT_CONVERSION = YES;
				CLANG_WARN_OBJC_ROOT_CLASS = YES_ERROR;
				CLANG_WARN_SUSPICIOUS_MOVE = YES;
				CLANG_WARN_UNREACHABLE_CODE = YES;
				CLANG_WARN__DUPLICATE_METHOD_MATCH = YES;
				"CODE_SIGN_IDENTITY[sdk=iphoneos*]" = "iPhone Developer";
				COPY_PHASE_STRIP = NO;
				DEBUG_INFORMATION_FORMAT = dwarf;
				ENABLE_STRICT_OBJC_MSGSEND = YES;
				ENABLE_TESTABILITY = YES;
				GCC_C_LANGUAGE_STANDARD = gnu99;
				GCC_DYNAMIC_NO_PIC = NO;
				GCC_NO_COMMON_BLOCKS = YES;
				GCC_OPTIMIZATION_LEVEL = 0;
				GCC_PREPROCESSOR_DEFINITIONS = (
					"DEBUG=1",
					"$(inherited)",
				);
				GCC_WARN_64_TO_32_BIT_CONVERSION = YES;
				GCC_WARN_ABOUT_RETURN_TYPE = YES_ERROR;
				GCC_WARN_UNDECLARED_SELECTOR = YES;
				GCC_WARN_UNINITIALIZED_AUTOS = YES_AGGRESSIVE;
				GCC_WARN_UNUSED_FUNCTION = YES;
				GCC_WARN_UNUSED_VARIABLE = YES;
				IPHONEOS_DEPLOYMENT_TARGET = 10.2;
				MTL_ENABLE_DEBUG_INFO = YES;
				ONLY_ACTIVE_ARCH = YES;
				SDKROOT = iphoneos;
				SWIFT_ACTIVE_COMPILATION_CONDITIONS = DEBUG;
				SWIFT_OPTIMIZATION_LEVEL = "-Onone";
				TARGETED_DEVICE_FAMILY = "1,2";
			};
			name = Debug;
		};
		5222979A1E7390C500F8BB22 /* Release */ = {
			isa = XCBuildConfiguration;
			buildSettings = {
				ALWAYS_SEARCH_USER_PATHS = NO;
				CLANG_ANALYZER_NONNULL = YES;
				CLANG_CXX_LANGUAGE_STANDARD = "gnu++0x";
				CLANG_CXX_LIBRARY = "libc++";
				CLANG_ENABLE_MODULES = YES;
				CLANG_ENABLE_OBJC_ARC = YES;
				CLANG_WARN_BOOL_CONVERSION = YES;
				CLANG_WARN_CONSTANT_CONVERSION = YES;
				CLANG_WARN_DIRECT_OBJC_ISA_USAGE = YES_ERROR;
				CLANG_WARN_DOCUMENTATION_COMMENTS = YES;
				CLANG_WARN_EMPTY_BODY = YES;
				CLANG_WARN_ENUM_CONVERSION = YES;
				CLANG_WARN_INFINITE_RECURSION = YES;
				CLANG_WARN_INT_CONVERSION = YES;
				CLANG_WARN_OBJC_ROOT_CLASS = YES_ERROR;
				CLANG_WARN_SUSPICIOUS_MOVE = YES;
				CLANG_WARN_UNREACHABLE_CODE = YES;
				CLANG_WARN__DUPLICATE_METHOD_MATCH = YES;
				"CODE_SIGN_IDENTITY[sdk=iphoneos*]" = "iPhone Developer";
				COPY_PHASE_STRIP = NO;
				DEBUG_INFORMATION_FORMAT = "dwarf-with-dsym";
				ENABLE_NS_ASSERTIONS = NO;
				ENABLE_STRICT_OBJC_MSGSEND = YES;
				GCC_C_LANGUAGE_STANDARD = gnu99;
				GCC_NO_COMMON_BLOCKS = YES;
				GCC_WARN_64_TO_32_BIT_CONVERSION = YES;
				GCC_WARN_ABOUT_RETURN_TYPE = YES_ERROR;
				GCC_WARN_UNDECLARED_SELECTOR = YES;
				GCC_WARN_UNINITIALIZED_AUTOS = YES_AGGRESSIVE;
				GCC_WARN_UNUSED_FUNCTION = YES;
				GCC_WARN_UNUSED_VARIABLE = YES;
				IPHONEOS_DEPLOYMENT_TARGET = 10.2;
				MTL_ENABLE_DEBUG_INFO = NO;
				SDKROOT = iphoneos;
				SWIFT_OPTIMIZATION_LEVEL = "-Owholemodule";
				TARGETED_DEVICE_FAMILY = "1,2";
				VALIDATE_PRODUCT = YES;
			};
			name = Release;
		};
		5222979C1E7390C500F8BB22 /* Debug */ = {
			isa = XCBuildConfiguration;
			buildSettings = {
				ASSETCATALOG_COMPILER_APPICON_NAME = AppIcon;
				DEVELOPMENT_TEAM = 573CMG87Y9;
				INFOPLIST_FILE = KazanMeetupTestExample/Info.plist;
				LD_RUNPATH_SEARCH_PATHS = "$(inherited) @executable_path/Frameworks";
				PRODUCT_BUNDLE_IDENTIFIER = UV.KazanMeetupTestExample;
				PRODUCT_NAME = "$(TARGET_NAME)";
				SWIFT_VERSION = 3.0;
			};
			name = Debug;
		};
		5222979D1E7390C500F8BB22 /* Release */ = {
			isa = XCBuildConfiguration;
			buildSettings = {
				ASSETCATALOG_COMPILER_APPICON_NAME = AppIcon;
				DEVELOPMENT_TEAM = 573CMG87Y9;
				INFOPLIST_FILE = KazanMeetupTestExample/Info.plist;
				LD_RUNPATH_SEARCH_PATHS = "$(inherited) @executable_path/Frameworks";
				PRODUCT_BUNDLE_IDENTIFIER = UV.KazanMeetupTestExample;
				PRODUCT_NAME = "$(TARGET_NAME)";
				SWIFT_VERSION = 3.0;
			};
			name = Release;
		};
/* End XCBuildConfiguration section */

/* Begin XCConfigurationList section */
		522297841E7390C400F8BB22 /* Build configuration list for PBXProject "KazanMeetupTestExample" */ = {
			isa = XCConfigurationList;
			buildConfigurations = (
				522297991E7390C500F8BB22 /* Debug */,
				5222979A1E7390C500F8BB22 /* Release */,
			);
			defaultConfigurationIsVisible = 0;
			defaultConfigurationName = Release;
		};
		5222979B1E7390C500F8BB22 /* Build configuration list for PBXNativeTarget "KazanMeetupTestExample" */ = {
			isa = XCConfigurationList;
			buildConfigurations = (
				5222979C1E7390C500F8BB22 /* Debug */,
				5222979D1E7390C500F8BB22 /* Release */,
			);
			defaultConfigurationIsVisible = 0;
		};
/* End XCConfigurationList section */
	};
	rootObject = 522297811E7390C400F8BB22 /* Project object */;
}
